Microsoft Visual Studio Solution File, Format Version 12.00
# Visual Studio Version 17
VisualStudioVersion = 17.5.2.0
MinimumVisualStudioVersion = 10.0.40219.1
Project("{2150E333-8FDC-42A3-9474-1A3956D46DE8}") = "bahia asset projeto", "bahia asset projeto", "{C7914246-391B-0F91-BD04-261980CCACFC}"
EndProject
Project("{2150E333-8FDC-42A3-9474-1A3956D46DE8}") = "Backend_API", "Backend_API", "{663A2022-E457-3DE0-CC0F-7D813FA4DF6A}"
EndProject
Project("{FAE04EC0-301F-11D3-BF4B-00C04F79EFBC}") = "AssetReportingAPI", "bahia asset projeto\Backend_API\AssetReportingAPI\AssetReportingAPI.csproj", "{CF98E5D4-1968-B66B-EC02-FB9DABE91D36}"
EndProject
Global
	GlobalSection(SolutionConfigurationPlatforms) = preSolution
		Debug|Any CPU = Debug|Any CPU
		Release|Any CPU = Release|Any CPU
	EndGlobalSection
	GlobalSection(ProjectConfigurationPlatforms) = postSolution
		{CF98E5D4-1968-B66B-EC02-FB9DABE91D36}.Debug|Any CPU.ActiveCfg = Debug|Any CPU
		{CF98E5D4-1968-B66B-EC02-FB9DABE91D36}.Debug|Any CPU.Build.0 = Debug|Any CPU
		{CF98E5D4-1968-B66B-EC02-FB9DABE91D36}.Release|Any CPU.ActiveCfg = Release|Any CPU
		{CF98E5D4-1968-B66B-EC02-FB9DABE91D36}.Release|Any CPU.Build.0 = Release|Any CPU
	EndGlobalSection
	GlobalSection(SolutionProperties) = preSolution
		HideSolutionNode = FALSE
	EndGlobalSection
	GlobalSection(NestedProjects) = preSolution
		{663A2022-E457-3DE0-CC0F-7D813FA4DF6A} = {C7914246-391B-0F91-BD04-261980CCACFC}
		{CF98E5D4-1968-B66B-EC02-FB9DABE91D36} = {663A2022-E457-3DE0-CC0F-7D813FA4DF6A}
	EndGlobalSection
	GlobalSection(ExtensibilityGlobals) = postSolution
		SolutionGuid = {DE928756-F727-43CF-8CF3-35F0AB71AE5E}
	EndGlobalSection
EndGlobal
